PODS:
  - Alamofire (5.6.1)
  - Bugly (2.5.91)
  - Differentiator (5.0.0)
  - FCFileManager (1.0.20)
  - IQKeyboardManager (6.5.9)
  - Kingfisher (7.2.1)
  - Masonry (1.1.0)
  - MJRefresh (3.7.5)
  - Moya (15.0.0):
    - Moya/Core (= 15.0.0)
  - Moya/Core (15.0.0):
    - Alamofire (~> 5.0)
  - Pulsator (0.6.0)
  - R.swift (6.1.0):
    - R.swift.Library (~> 5.3.0)
  - R.swift.Library (5.3.0)
  - RCCoreKit (0.0.1):
    - FCFileManager
    - SSZipArchive
    - YYModel
  - RCLiveVideoLib (2.1.0.4):
    - RongCloudIM/IMLib (~> 5.1.8)
    - RongCloudRTC/RongRTCLib (~> 5.1.16.1)
  - RCMusicControlKit (0.0.2.2):
    - Masonry
    - RCCoreKit
    - SDWebImage
    - YYModel
  - RCSceneCall (0.0.2.2):
    - RCSceneCallKit
    - RCSceneRoom/RCSceneRoom (~> 0.0.2.4)
    - ReactorKit
    - RxDataSources
  - RCSceneCallKit (0.0.2):
    - RongCloudOpenSource/IMKit
    - RongCloudRTC/RongCallLib
  - RCSceneChatroomKit (0.0.3.1):
    - Masonry
    - RCCoreKit
    - YYModel
  - RCSceneLog (0.0.1.2)
  - RCSceneRadioRoom (0.0.2.4):
    - IQKeyboardManager
    - Kingfisher
    - MJRefresh
    - Pulsator
    - RCSceneRoom/RCSceneGift
    - RCSceneRoom/RCSceneMusic
    - RCSceneRoom/RCSceneRoom
    - RCSceneRoom/RCSceneRoomSetting
    - RCVoiceRoomLib
    - Reusable
    - SDWebImage
    - SVProgressHUD
    - XCoordinator
  - RCSceneRoom/RCSceneFoundation (0.0.2.7):
    - SwiftyBeaver
  - RCSceneRoom/RCSceneGift (0.0.2.7):
    - Kingfisher
    - RCSceneRoom/RCSceneMessage
    - RCSceneRoom/RCSceneService
    - Reusable
    - SnapKit
    - SVProgressHUD
  - RCSceneRoom/RCSceneMessage (0.0.2.7):
    - RongCloudIM/IMLib
  - RCSceneRoom/RCSceneMusic (0.0.2.7):
    - RCMusicControlKit
    - RCSceneRoom/RCSceneMessage
    - RCSceneRoom/RCSceneService
    - RongCloudRTC/RongRTCLib
    - SVProgressHUD
  - RCSceneRoom/RCSceneRoom (0.0.2.7):
    - Kingfisher
    - RCSceneChatroomKit
    - RCSceneRoom/RCSceneFoundation
    - RCSceneRoom/RCSceneMessage
    - RCSceneRoom/RCSceneService
    - Reusable
    - RongCloudOpenSource/IMKit
    - SnapKit
    - SVProgressHUD
  - RCSceneRoom/RCSceneRoomSetting (0.0.2.7):
    - RCSceneRoom/RCSceneService
    - Reusable
    - SnapKit
  - RCSceneRoom/RCSceneService (0.0.2.7):
    - Moya
    - RCSceneRoom/RCSceneFoundation
    - ReachabilitySwift
  - RCSceneVideoRoom (0.0.2.3):
    - IQKeyboardManager
    - MJRefresh
    - Pulsator
    - RCLiveVideoLib
    - RCSceneRoom/RCSceneGift
    - RCSceneRoom/RCSceneMusic
    - RCSceneRoom/RCSceneRoom
    - RCSceneRoom/RCSceneRoomSetting
    - SDWebImage
    - XCoordinator
  - RCSceneVoiceRoom (0.0.3.1):
    - IQKeyboardManager
    - Kingfisher
    - Pulsator
    - RCSceneRoom/RCSceneGift
    - RCSceneRoom/RCSceneMusic
    - RCSceneRoom/RCSceneRoom
    - RCSceneRoom/RCSceneRoomSetting
    - RCVoiceRoomLib
    - Reusable
    - SnapKit
    - XCoordinator
  - RCVoiceRoomLib (2.0.8.3):
    - RCSceneLog
    - RongCloudIM/IMLib
    - RongCloudRTC/RongRTCLib
  - ReachabilitySwift (5.0.0)
  - ReactorKit (3.2.0):
    - RxSwift (~> 6.0)
    - WeakMapTable (~> 1.1)
  - Reusable (4.1.2):
    - Reusable/Storyboard (= 4.1.2)
    - Reusable/View (= 4.1.2)
  - Reusable/Storyboard (4.1.2)
  - Reusable/View (4.1.2)
  - RongCloudIM/ChatRoom (5.1.8):
    - RongCloudIM/IMLibCore
  - RongCloudIM/CustomerService (5.1.8):
    - RongCloudIM/IMLibCore
  - RongCloudIM/Discussion (5.1.8):
    - RongCloudIM/IMLibCore
  - RongCloudIM/IMLib (5.1.8):
    - RongCloudIM/ChatRoom
    - RongCloudIM/CustomerService
    - RongCloudIM/Discussion
    - RongCloudIM/IMLibCore
    - RongCloudIM/Location
    - RongCloudIM/PublicService
  - RongCloudIM/IMLibCore (5.1.8)
  - RongCloudIM/Location (5.1.8):
    - RongCloudIM/IMLibCore
  - RongCloudIM/PublicService (5.1.8):
    - RongCloudIM/IMLibCore
  - RongCloudOpenSource/IMKit (5.1.8):
    - RongCloudIM/IMLib (= 5.1.8)
  - RongCloudRTC/RongCallLib (5.1.16.1):
    - RongCloudRTC/RongRTCLib
  - RongCloudRTC/RongRTCLib (5.1.16.1):
    - RongCloudIM/IMLibCore (>= 5.1.3)
  - RongCloudRTC/RongRTCPlayer (5.1.16.1):
    - RongCloudRTC/RongRTCLib
  - RxCocoa (6.5.0):
    - RxRelay (= 6.5.0)
    - RxSwift (= 6.5.0)
  - RxDataSources (5.0.0):
    - Differentiator (~> 5.0)
    - RxCocoa (~> 6.0)
    - RxSwift (~> 6.0)
  - RxGesture (4.0.4):
    - RxCocoa (~> 6.0)
    - RxSwift (~> 6.0)
  - RxRelay (6.5.0):
    - RxSwift (= 6.5.0)
  - RxSwift (6.5.0)
  - RxViewController (2.0.0):
    - RxCocoa (~> 6.0)
    - RxSwift (~> 6.0)
  - SDWebImage (5.12.5):
    - SDWebImage/Core (= 5.12.5)
  - SDWebImage/Core (5.12.5)
  - SnapKit (5.6.0)
  - SSZipArchive (2.4.3)
  - SVProgressHUD (2.2.5)
  - SwiftyBeaver (1.9.5)
  - UMCommon (7.3.6):
    - UMDevice
  - UMDevice (2.2.1)
  - WeakMapTable (1.2.0)
  - XCoordinator (2.2.0):
    - XCoordinator/Core (= 2.2.0)
  - XCoordinator/Core (2.2.0)
  - YYModel (1.0.4)

DEPENDENCIES:
  - Bugly
  - R.swift
  - RCSceneCall
  - RCSceneRadioRoom
  - RCSceneVideoRoom
  - RCSceneVoiceRoom
  - ReactorKit
  - RongCloudIM/IMLib (= 5.1.8)
  - RongCloudRTC/RongRTCLib (= 5.1.16.1)
  - RongCloudRTC/RongRTCPlayer (= 5.1.16.1)
  - RxDataSources
  - RxGesture
  - RxViewController
  - UMCommon

SPEC REPOS:
  trunk:
    - Alamofire
    - Bugly
    - Differentiator
    - FCFileManager
    - IQKeyboardManager
    - Kingfisher
    - Masonry
    - MJRefresh
    - Moya
    - Pulsator
    - R.swift
    - R.swift.Library
    - RCCoreKit
    - RCLiveVideoLib
    - RCMusicControlKit
    - RCSceneCall
    - RCSceneCallKit
    - RCSceneChatroomKit
    - RCSceneLog
    - RCSceneRadioRoom
    - RCSceneRoom
    - RCSceneVideoRoom
    - RCSceneVoiceRoom
    - RCVoiceRoomLib
    - ReachabilitySwift
    - ReactorKit
    - Reusable
    - RongCloudIM
    - RongCloudOpenSource
    - RongCloudRTC
    - RxCocoa
    - RxDataSources
    - RxGesture
    - RxRelay
    - RxSwift
    - RxViewController
    - SDWebImage
    - SnapKit
    - SSZipArchive
    - SVProgressHUD
    - SwiftyBeaver
    - UMCommon
    - UMDevice
    - WeakMapTable
    - XCoordinator
    - YYModel

SPEC CHECKSUMS:
  Alamofire: 87bd8c952f9a4454320fce00d9cc3de57bcadaf5
  Bugly: afe841bba2ea6de6d432a3c125240a5e75949c55
  Differentiator: e8497ceab83c1b10ca233716d547b9af21b9344d
  FCFileManager: e0f73316e6aa2eb04d2ff4caa75fe7df1ae44270
  IQKeyboardManager: 241cc94ccabc9deb8f8bd7d12f00d73288d13ecc
  Kingfisher: 7c084bebf7d548c623ad41bcf765fb200efed369
  Masonry: 678fab65091a9290e40e2832a55e7ab731aad201
  MJRefresh: fdf5e979eb406a0341468932d1dfc8b7f9fce961
  Moya: 138f0573e53411fb3dc17016add0b748dfbd78ee
  Pulsator: eb5a9f9be4bdcbd19903984c65deca6aabe50a17
  R.swift: ec98ff71c4ab2f6fd01dd077e5afd15e63a4834c
  R.swift.Library: 0fc583cb55a99e28901299cc451614cad1161962
  RCCoreKit: 3f143441ac62880b454cca9066f526a27c45d4ce
  RCLiveVideoLib: b6c4ac4ced5b5f4c487f3d991853eacec070c9f2
  RCMusicControlKit: f6eb6d366be36e14ab8869de970d2acb03bc23f7
  RCSceneCall: a2423df9b4105a9ad8984532ca48de61bd2359ba
  RCSceneCallKit: ef53447c69e30cb2c0ef9ce7fb2d6284dc2cf9aa
  RCSceneChatroomKit: 5fa306001c88bc075365a3ed8a76776e151670f2
  RCSceneLog: c38de10f8ccd4aa65eb9ac7c0a5c6b2042e7579e
  RCSceneRadioRoom: f5ca4c7118f5806b0918bc7b9faeca48a6e99cd8
  RCSceneRoom: 6ce83e519386ed91eb66924dba3d4263b78aab17
  RCSceneVideoRoom: c65c6d27029b062ad50d59aa137ba8345581f45a
  RCSceneVoiceRoom: cdb8447c3c513584ed2fe7abcbafe231429affe0
  RCVoiceRoomLib: d5b8a2770f69c865ae1304a5d742358f8295ac30
  ReachabilitySwift: 985039c6f7b23a1da463388634119492ff86c825
  ReactorKit: e8b11d6b9c415405f381669b095c154a05b59eca
  Reusable: 6bae6a5e8aa793c9c441db0213c863a64bce9136
  RongCloudIM: c871de12fdc601a4335e17d8df17232f56b8d089
  RongCloudOpenSource: 9ffce2d71d43a86028da50a7dc1705b6630d3854
  RongCloudRTC: 39fe65cc3099103d33989b531c9f45a587060316
  RxCocoa: 94f817b71c07517321eb4f9ad299112ca8af743b
  RxDataSources: aa47cc1ed6c500fa0dfecac5c979b723542d79cf
  RxGesture: f3efb47ed2d26a8082f7b660d4a59970e275a7f8
  RxRelay: 1de1523e604c72b6c68feadedd1af3b1b4d0ecbd
  RxSwift: 5710a9e6b17f3c3d6e40d6e559b9fa1e813b2ef8
  RxViewController: 56486fa0afd629a1d6b5ba077f3b8cd9dc31b5d2
  SDWebImage: 0905f1b7760fc8ac4198cae0036600d67478751e
  SnapKit: e01d52ebb8ddbc333eefe2132acf85c8227d9c25
  SSZipArchive: fe6a26b2a54d5a0890f2567b5cc6de5caa600aef
  SVProgressHUD: 1428aafac632c1f86f62aa4243ec12008d7a51d6
  SwiftyBeaver: 84069991dd5dca07d7069100985badaca7f0ce82
  UMCommon: c61df8457c275afd4f8a2fca10c7446d66220ac0
  UMDevice: 053478c4b4d7292f31f0a275c227d3c4007a5571
  WeakMapTable: 05c694ce8439a7a9ebabb56187287a63c57673d6
  XCoordinator: a5f91e43ee944f508529763921165697d3211629
  YYModel: 2a7fdd96aaa4b86a824e26d0c517de8928c04b30

PODFILE CHECKSUM: 20a960d23df5524d53ea6d97b277a3a176e932ec

COCOAPODS: 1.11.3
