PODS:
  - RCSceneRoomSetting (0.0.1):
    - Reusable
    - SnapKit
  - Reusable (4.1.2):
    - Reusable/Storyboard (= 4.1.2)
    - Reusable/View (= 4.1.2)
  - Reusable/Storyboard (4.1.2)
  - Reusable/View (4.1.2)
  - SnapKit (5.0.1)

DEPENDENCIES:
  - RCSceneRoomSetting (from `../`)

SPEC REPOS:
  trunk:
    - Reusable
    - SnapKit

EXTERNAL SOURCES:
  RCSceneRoomSetting:
    :path: "../"

SPEC CHECKSUMS:
  RCSceneRoomSetting: 6bca5202c14fb81bc0bfc67e5f01f9d462582a89
  Reusable: 6bae6a5e8aa793c9c441db0213c863a64bce9136
  SnapKit: 97b92857e3df3a0c71833cce143274bf6ef8e5eb

PODFILE CHECKSUM: caf948332660525fd842e5e8c1dc788b5963cc6b

COCOAPODS: 1.11.2
